
Microsoft Visual Studio Solution File, Format Version 12.00
# Visual Studio Version 17
VisualStudioVersion = 17.9.34902.65
MinimumVisualStudioVersion = 10.0.40219.1
Project("{FAE04EC0-301F-11D3-BF4B-00C04F79EFBC}") = "Latih12_MDIForm", "Latih12_MDIForm.csproj", "{CA63A9F7-A05F-48A7-9FA6-1AB92298065A}"
EndProject
Global
	GlobalSection(SolutionConfigurationPlatforms) = preSolution
		Debug|Any CPU = Debug|Any CPU
		Release|Any CPU = Release|Any CPU
	EndGlobalSection
	GlobalSection(ProjectConfigurationPlatforms) = postSolution
		{CA63A9F7-A05F-48A7-9FA6-1AB92298065A}.Debug|Any CPU.ActiveCfg = Debug|Any CPU
		{CA63A9F7-A05F-48A7-9FA6-1AB92298065A}.Debug|Any CPU.Build.0 = Debug|Any CPU
		{CA63A9F7-A05F-48A7-9FA6-1AB92298065A}.Release|Any CPU.ActiveCfg = Release|Any CPU
		{CA63A9F7-A05F-48A7-9FA6-1AB92298065A}.Release|Any CPU.Build.0 = Release|Any CPU
	EndGlobalSection
	GlobalSection(SolutionProperties) = preSolution
		HideSolutionNode = FALSE
	EndGlobalSection
	GlobalSection(ExtensibilityGlobals) = postSolution
		SolutionGuid = {372BFEEC-0C6D-4BAE-ACB6-5F3BC4FD99CC}
	EndGlobalSection
EndGlobal
